
Microsoft Visual Studio Solution File, Format Version 12.00
# Visual Studio Version 16
VisualStudioVersion = 16.0.29613.14
MinimumVisualStudioVersion = 10.0.40219.1
Project("{FAE04EC0-301F-11D3-BF4B-00C04F79EFBC}") = "ModulesFeature", "ModulesFeature\ModulesFeature.csproj", "{02FF7EBB-FB79-4E2B-8A2C-10DF0425BD6A}"
EndProject
Project("{FAE04EC0-301F-11D3-BF4B-00C04F79EFBC}") = "EnvironmentBusinessLayer", "EnvironmentBusinessLayer\EnvironmentBusinessLayer.csproj", "{69BB944A-B9A7-412D-97FA-EEE6FC2EF7B2}"
EndProject
Project("{FAE04EC0-301F-11D3-BF4B-00C04F79EFBC}") = "WindowsEnvironment", "WindowsEnvironment\WindowsEnvironment.csproj", "{44C854F9-F010-41ED-9E09-DEE968BF140D}"
EndProject
Global
	GlobalSection(SolutionConfigurationPlatforms) = preSolution
		Debug|Any CPU = Debug|Any CPU
		Release|Any CPU = Release|Any CPU
	EndGlobalSection
	GlobalSection(ProjectConfigurationPlatforms) = postSolution
		{02FF7EBB-FB79-4E2B-8A2C-10DF0425BD6A}.Debug|Any CPU.ActiveCfg = Debug|Any CPU
		{02FF7EBB-FB79-4E2B-8A2C-10DF0425BD6A}.Debug|Any CPU.Build.0 = Debug|Any CPU
		{02FF7EBB-FB79-4E2B-8A2C-10DF0425BD6A}.Release|Any CPU.ActiveCfg = Release|Any CPU
		{02FF7EBB-FB79-4E2B-8A2C-10DF0425BD6A}.Release|Any CPU.Build.0 = Release|Any CPU
		{69BB944A-B9A7-412D-97FA-EEE6FC2EF7B2}.Debug|Any CPU.ActiveCfg = Debug|Any CPU
		{69BB944A-B9A7-412D-97FA-EEE6FC2EF7B2}.Debug|Any CPU.Build.0 = Debug|Any CPU
		{69BB944A-B9A7-412D-97FA-EEE6FC2EF7B2}.Release|Any CPU.ActiveCfg = Release|Any CPU
		{69BB944A-B9A7-412D-97FA-EEE6FC2EF7B2}.Release|Any CPU.Build.0 = Release|Any CPU
		{44C854F9-F010-41ED-9E09-DEE968BF140D}.Debug|Any CPU.ActiveCfg = Debug|Any CPU
		{44C854F9-F010-41ED-9E09-DEE968BF140D}.Debug|Any CPU.Build.0 = Debug|Any CPU
		{44C854F9-F010-41ED-9E09-DEE968BF140D}.Release|Any CPU.ActiveCfg = Release|Any CPU
		{44C854F9-F010-41ED-9E09-DEE968BF140D}.Release|Any CPU.Build.0 = Release|Any CPU
	EndGlobalSection
	GlobalSection(SolutionProperties) = preSolution
		HideSolutionNode = FALSE
	EndGlobalSection
	GlobalSection(ExtensibilityGlobals) = postSolution
		SolutionGuid = {65943C08-E3D8-4AD4-BF18-266E70150B60}
	EndGlobalSection
EndGlobal
