
Microsoft Visual Studio Solution File, Format Version 12.00
# Visual Studio Version 16
VisualStudioVersion = 16.0.29613.14
MinimumVisualStudioVersion = 10.0.40219.1
Project("{9A19103F-16F7-4668-BE54-9A1E7A4F7556}") = "ModulesFeature", "ModulesFeature\ModulesFeature.csproj", "{02FF7EBB-FB79-4E2B-8A2C-10DF0425BD6A}"
EndProject
Project("{9A19103F-16F7-4668-BE54-9A1E7A4F7556}") = "EnvironmentBusinessLayer", "EnvironmentBusinessLayer\EnvironmentBusinessLayer.csproj", "{69BB944A-B9A7-412D-97FA-EEE6FC2EF7B2}"
EndProject
Project("{9A19103F-16F7-4668-BE54-9A1E7A4F7556}") = "WindowsEnvironment", "WindowsEnvironment\WindowsEnvironment.csproj", "{44C854F9-F010-41ED-9E09-DEE968BF140D}"
EndProject
Project("{FAE04EC0-301F-11D3-BF4B-00C04F79EFBC}") = "UnitTests", "UnitTests\UnitTests.csproj", "{8C0B1B81-7EB8-4519-806D-1C82E451DD14}"
EndProject
Project("{2150E333-8FDC-42A3-9474-1A3956D46DE8}") = "Tests", "Tests", "{CA39269C-DD9E-49AE-B7C5-C37C7905EA76}"
EndProject
Global
	GlobalSection(SolutionConfigurationPlatforms) = preSolution
		Debug|Any CPU = Debug|Any CPU
		Release|Any CPU = Release|Any CPU
	EndGlobalSection
	GlobalSection(ProjectConfigurationPlatforms) = postSolution
		{02FF7EBB-FB79-4E2B-8A2C-10DF0425BD6A}.Debug|Any CPU.ActiveCfg = Debug|Any CPU
		{02FF7EBB-FB79-4E2B-8A2C-10DF0425BD6A}.Debug|Any CPU.Build.0 = Debug|Any CPU
		{02FF7EBB-FB79-4E2B-8A2C-10DF0425BD6A}.Release|Any CPU.ActiveCfg = Release|Any CPU
		{02FF7EBB-FB79-4E2B-8A2C-10DF0425BD6A}.Release|Any CPU.Build.0 = Release|Any CPU
		{69BB944A-B9A7-412D-97FA-EEE6FC2EF7B2}.Debug|Any CPU.ActiveCfg = Debug|Any CPU
		{69BB944A-B9A7-412D-97FA-EEE6FC2EF7B2}.Debug|Any CPU.Build.0 = Debug|Any CPU
		{69BB944A-B9A7-412D-97FA-EEE6FC2EF7B2}.Release|Any CPU.ActiveCfg = Release|Any CPU
		{69BB944A-B9A7-412D-97FA-EEE6FC2EF7B2}.Release|Any CPU.Build.0 = Release|Any CPU
		{44C854F9-F010-41ED-9E09-DEE968BF140D}.Debug|Any CPU.ActiveCfg = Debug|Any CPU
		{44C854F9-F010-41ED-9E09-DEE968BF140D}.Debug|Any CPU.Build.0 = Debug|Any CPU
		{44C854F9-F010-41ED-9E09-DEE968BF140D}.Release|Any CPU.ActiveCfg = Release|Any CPU
		{44C854F9-F010-41ED-9E09-DEE968BF140D}.Release|Any CPU.Build.0 = Release|Any CPU
		{8C0B1B81-7EB8-4519-806D-1C82E451DD14}.Debug|Any CPU.ActiveCfg = Debug|Any CPU
		{8C0B1B81-7EB8-4519-806D-1C82E451DD14}.Debug|Any CPU.Build.0 = Debug|Any CPU
		{8C0B1B81-7EB8-4519-806D-1C82E451DD14}.Release|Any CPU.ActiveCfg = Release|Any CPU
		{8C0B1B81-7EB8-4519-806D-1C82E451DD14}.Release|Any CPU.Build.0 = Release|Any CPU
	EndGlobalSection
	GlobalSection(SolutionProperties) = preSolution
		HideSolutionNode = FALSE
	EndGlobalSection
	GlobalSection(NestedProjects) = preSolution
		{8C0B1B81-7EB8-4519-806D-1C82E451DD14} = {CA39269C-DD9E-49AE-B7C5-C37C7905EA76}
	EndGlobalSection
	GlobalSection(ExtensibilityGlobals) = postSolution
		SolutionGuid = {65943C08-E3D8-4AD4-BF18-266E70150B60}
	EndGlobalSection
EndGlobal
