
Microsoft Visual Studio Solution File, Format Version 12.00
# Visual Studio Version 16
VisualStudioVersion = 16.0.29613.14
MinimumVisualStudioVersion = 10.0.40219.1
Project("{FAE04EC0-301F-11D3-BF4B-00C04F79EFBC}") = "UnitTests", "UnitTests\UnitTests.csproj", "{E105C79D-2BC1-4655-863A-0FF03B1FE00C}"
EndProject
Global
	GlobalSection(SolutionConfigurationPlatforms) = preSolution
		Debug|Any CPU = Debug|Any CPU
		Release|Any CPU = Release|Any CPU
	EndGlobalSection
	GlobalSection(ProjectConfigurationPlatforms) = postSolution
		{E105C79D-2BC1-4655-863A-0FF03B1FE00C}.Debug|Any CPU.ActiveCfg = Debug|Any CPU
		{E105C79D-2BC1-4655-863A-0FF03B1FE00C}.Debug|Any CPU.Build.0 = Debug|Any CPU
		{E105C79D-2BC1-4655-863A-0FF03B1FE00C}.Release|Any CPU.ActiveCfg = Release|Any CPU
		{E105C79D-2BC1-4655-863A-0FF03B1FE00C}.Release|Any CPU.Build.0 = Release|Any CPU
	EndGlobalSection
	GlobalSection(SolutionProperties) = preSolution
		HideSolutionNode = FALSE
	EndGlobalSection
	GlobalSection(ExtensibilityGlobals) = postSolution
		SolutionGuid = {2F4E7605-1632-4823-8799-9FD0B92F2EB9}
	EndGlobalSection
EndGlobal
