
Microsoft Visual Studio Solution File, Format Version 12.00
# Visual Studio Version 16
VisualStudioVersion = 16.0.30503.244
MinimumVisualStudioVersion = 10.0.40219.1
Project("{FAE04EC0-301F-11D3-BF4B-00C04F79EFBC}") = "WebApplication", "WebApplication\WebApplication.csproj", "{35605A34-E4AC-4383-90DF-85F5EB446BFB}"
EndProject
Project("{FAE04EC0-301F-11D3-BF4B-00C04F79EFBC}") = "BusinessLogic", "BusinessLogic\BusinessLogic.csproj", "{FB2FB84D-8B5D-4F92-BDB4-E5D6F20A0101}"
EndProject
Global
	GlobalSection(SolutionConfigurationPlatforms) = preSolution
		Debug|Any CPU = Debug|Any CPU
		Release|Any CPU = Release|Any CPU
	EndGlobalSection
	GlobalSection(ProjectConfigurationPlatforms) = postSolution
		{35605A34-E4AC-4383-90DF-85F5EB446BFB}.Debug|Any CPU.ActiveCfg = Debug|Any CPU
		{35605A34-E4AC-4383-90DF-85F5EB446BFB}.Debug|Any CPU.Build.0 = Debug|Any CPU
		{35605A34-E4AC-4383-90DF-85F5EB446BFB}.Release|Any CPU.ActiveCfg = Release|Any CPU
		{35605A34-E4AC-4383-90DF-85F5EB446BFB}.Release|Any CPU.Build.0 = Release|Any CPU
		{FB2FB84D-8B5D-4F92-BDB4-E5D6F20A0101}.Debug|Any CPU.ActiveCfg = Debug|Any CPU
		{FB2FB84D-8B5D-4F92-BDB4-E5D6F20A0101}.Debug|Any CPU.Build.0 = Debug|Any CPU
		{FB2FB84D-8B5D-4F92-BDB4-E5D6F20A0101}.Release|Any CPU.ActiveCfg = Release|Any CPU
		{FB2FB84D-8B5D-4F92-BDB4-E5D6F20A0101}.Release|Any CPU.Build.0 = Release|Any CPU
	EndGlobalSection
	GlobalSection(SolutionProperties) = preSolution
		HideSolutionNode = FALSE
	EndGlobalSection
	GlobalSection(ExtensibilityGlobals) = postSolution
		SolutionGuid = {FFC5F334-AB9E-4557-83A1-6615F51AE7FA}
	EndGlobalSection
EndGlobal
